Microsoft Visual Studio Solution File, Format Version 12.00
# Visual Studio Version 17
VisualStudioVersion = 17.5.2.0
MinimumVisualStudioVersion = 10.0.40219.1
Project("{FAE04EC0-301F-11D3-BF4B-00C04F79EFBC}") = "SaborBrasil", "SaborBrasil.csproj", "{273993D0-80CE-F05C-2F47-65FA01D70C1D}"
EndProject
Global
	GlobalSection(SolutionConfigurationPlatforms) = preSolution
		Debug|Any CPU = Debug|Any CPU
		Release|Any CPU = Release|Any CPU
	EndGlobalSection
	GlobalSection(ProjectConfigurationPlatforms) = postSolution
		{273993D0-80CE-F05C-2F47-65FA01D70C1D}.Debug|Any CPU.ActiveCfg = Debug|Any CPU
		{273993D0-80CE-F05C-2F47-65FA01D70C1D}.Debug|Any CPU.Build.0 = Debug|Any CPU
		{273993D0-80CE-F05C-2F47-65FA01D70C1D}.Release|Any CPU.ActiveCfg = Release|Any CPU
		{273993D0-80CE-F05C-2F47-65FA01D70C1D}.Release|Any CPU.Build.0 = Release|Any CPU
	EndGlobalSection
	GlobalSection(SolutionProperties) = preSolution
		HideSolutionNode = FALSE
	EndGlobalSection
	GlobalSection(ExtensibilityGlobals) = postSolution
		SolutionGuid = {80B3EA2B-91FE-4B67-882C-DAECB2B58ED2}
	EndGlobalSection
EndGlobal
